
Microsoft Visual Studio Solution File, Format Version 12.00
# Visual Studio Version 17
VisualStudioVersion = 17.10.35122.118
MinimumVisualStudioVersion = 10.0.40219.1
Project("{FAE04EC0-301F-11D3-BF4B-00C04F79EFBC}") = "MinimalAPIs", "MinimalAPIs\MinimalAPIs.csproj", "{91B8AAE8-92AA-4AF4-958B-4F314AEDC447}"
EndProject
Global
	GlobalSection(SolutionConfigurationPlatforms) = preSolution
		Debug|Any CPU = Debug|Any CPU
		Release|Any CPU = Release|Any CPU
	EndGlobalSection
	GlobalSection(ProjectConfigurationPlatforms) = postSolution
		{91B8AAE8-92AA-4AF4-958B-4F314AEDC447}.Debug|Any CPU.ActiveCfg = Debug|Any CPU
		{91B8AAE8-92AA-4AF4-958B-4F314AEDC447}.Debug|Any CPU.Build.0 = Debug|Any CPU
		{91B8AAE8-92AA-4AF4-958B-4F314AEDC447}.Release|Any CPU.ActiveCfg = Release|Any CPU
		{91B8AAE8-92AA-4AF4-958B-4F314AEDC447}.Release|Any CPU.Build.0 = Release|Any CPU
	EndGlobalSection
	GlobalSection(SolutionProperties) = preSolution
		HideSolutionNode = FALSE
	EndGlobalSection
	GlobalSection(ExtensibilityGlobals) = postSolution
		SolutionGuid = {366C4BD0-90CB-43CA-826F-FB9169D062A9}
	EndGlobalSection
EndGlobal
